
Microsoft Visual Studio Solution File, Format Version 12.00
# Visual Studio Version 17
VisualStudioVersion = 17.13.35825.156 d17.13
MinimumVisualStudioVersion = 10.0.40219.1
Project("{FAE04EC0-301F-11D3-BF4B-00C04F79EFBC}") = "test1-Porg part 3", "test1-Porg part 3\test1-Porg part 3.csproj", "{64E88F2F-AA46-40F4-A57B-C9623F84CB2A}"
EndProject
Global
	GlobalSection(SolutionConfigurationPlatforms) = preSolution
		Debug|Any CPU = Debug|Any CPU
		Release|Any CPU = Release|Any CPU
	EndGlobalSection
	GlobalSection(ProjectConfigurationPlatforms) = postSolution
		{64E88F2F-AA46-40F4-A57B-C9623F84CB2A}.Debug|Any CPU.ActiveCfg = Debug|Any CPU
		{64E88F2F-AA46-40F4-A57B-C9623F84CB2A}.Debug|Any CPU.Build.0 = Debug|Any CPU
		{64E88F2F-AA46-40F4-A57B-C9623F84CB2A}.Release|Any CPU.ActiveCfg = Release|Any CPU
		{64E88F2F-AA46-40F4-A57B-C9623F84CB2A}.Release|Any CPU.Build.0 = Release|Any CPU
	EndGlobalSection
	GlobalSection(SolutionProperties) = preSolution
		HideSolutionNode = FALSE
	EndGlobalSection
	GlobalSection(ExtensibilityGlobals) = postSolution
		SolutionGuid = {E00C9D08-5876-4969-A513-ADA39466A045}
	EndGlobalSection
EndGlobal
